
Microsoft Visual Studio Solution File, Format Version 12.00
# Visual Studio 2013
VisualStudioVersion = 12.0.30723.0
MinimumVisualStudioVersion = 10.0.40219.1
Project("{FAE04EC0-301F-11D3-BF4B-00C04F79EFBC}") = "DevMan", "DevMan\DevMan.csproj", "{2DD769F3-7C2F-4D3C-B27A-5F71890C4161}"
EndProject
Project("{FAE04EC0-301F-11D3-BF4B-00C04F79EFBC}") = "DevMan.Tests", "DevMan.Tests\DevMan.Tests.csproj", "{808A735C-373E-4AC2-9061-DBBABBE2A3D6}"
EndProject
Project("{2150E333-8FDC-42A3-9474-1A3956D46DE8}") = ".nuget", ".nuget", "{79D36E30-0CCF-43BF-A5A7-C2ADC2E36A53}"
	ProjectSection(SolutionItems) = preProject
		.nuget\packages.config = .nuget\packages.config
	EndProjectSection
EndProject
Global
	GlobalSection(SolutionConfigurationPlatforms) = preSolution
		Debug|Any CPU = Debug|Any CPU
		Release|Any CPU = Release|Any CPU
	EndGlobalSection
	GlobalSection(ProjectConfigurationPlatforms) = postSolution
		{2DD769F3-7C2F-4D3C-B27A-5F71890C4161}.Debug|Any CPU.ActiveCfg = Debug|Any CPU
		{2DD769F3-7C2F-4D3C-B27A-5F71890C4161}.Debug|Any CPU.Build.0 = Debug|Any CPU
		{2DD769F3-7C2F-4D3C-B27A-5F71890C4161}.Release|Any CPU.ActiveCfg = Release|Any CPU
		{2DD769F3-7C2F-4D3C-B27A-5F71890C4161}.Release|Any CPU.Build.0 = Release|Any CPU
		{808A735C-373E-4AC2-9061-DBBABBE2A3D6}.Debug|Any CPU.ActiveCfg = Debug|Any CPU
		{808A735C-373E-4AC2-9061-DBBABBE2A3D6}.Debug|Any CPU.Build.0 = Debug|Any CPU
		{808A735C-373E-4AC2-9061-DBBABBE2A3D6}.Release|Any CPU.ActiveCfg = Release|Any CPU
		{808A735C-373E-4AC2-9061-DBBABBE2A3D6}.Release|Any CPU.Build.0 = Release|Any CPU
	EndGlobalSection
	GlobalSection(SolutionProperties) = preSolution
		HideSolutionNode = FALSE
	EndGlobalSection
EndGlobal
